
Microsoft Visual Studio Solution File, Format Version 12.00
# Visual Studio Version 17
VisualStudioVersion = 17.3.32929.385
MinimumVisualStudioVersion = 10.0.40219.1
Project("{9A19103F-16F7-4668-BE54-9A1E7A4F7556}") = "ToDoList.Core.Api", "ToDoList.Core.Api\ToDoList.Core.Api.csproj", "{CDFF470F-D300-4C6A-A763-613F543DB57B}"
EndProject
Global
	GlobalSection(SolutionConfigurationPlatforms) = preSolution
		Debug|Any CPU = Debug|Any CPU
		Release|Any CPU = Release|Any CPU
	EndGlobalSection
	GlobalSection(ProjectConfigurationPlatforms) = postSolution
		{CDFF470F-D300-4C6A-A763-613F543DB57B}.Debug|Any CPU.ActiveCfg = Debug|Any CPU
		{CDFF470F-D300-4C6A-A763-613F543DB57B}.Debug|Any CPU.Build.0 = Debug|Any CPU
		{CDFF470F-D300-4C6A-A763-613F543DB57B}.Release|Any CPU.ActiveCfg = Release|Any CPU
		{CDFF470F-D300-4C6A-A763-613F543DB57B}.Release|Any CPU.Build.0 = Release|Any CPU
	EndGlobalSection
	GlobalSection(SolutionProperties) = preSolution
		HideSolutionNode = FALSE
	EndGlobalSection
	GlobalSection(ExtensibilityGlobals) = postSolution
		SolutionGuid = {77B50AC0-DCD8-44DC-8243-CA484C283340}
	EndGlobalSection
EndGlobal
